// !$*UTF8*$!
{
	archiveVersion = 1;
	classes = {
	};
	objectVersion = 50;
	objects = {

/* Begin PBXBuildFile section */
		223C68B321AD206400EE4D7F /* AppDelegate.swift in Sources */ = {isa = PBXBuildFile; fileRef = 223C68B221AD206400EE4D7F /* AppDelegate.swift */; };
		223C68B521AD206400EE4D7F /* ViewController.swift in Sources */ = {isa = PBXBuildFile; fileRef = 223C68B421AD206400EE4D7F /* ViewController.swift */; };
		223C68B821AD206400EE4D7F /* Main.storyboard in Resources */ = {isa = PBXBuildFile; fileRef = 223C68B621AD206400EE4D7F /* Main.storyboard */; };
		223C68BA21AD206600EE4D7F /* Assets.xcassets in Resources */ = {isa = PBXBuildFile; fileRef = 223C68B921AD206600EE4D7F /* Assets.xcassets */; };
		223C68BD21AD206600EE4D7F /* LaunchScreen.storyboard in Resources */ = {isa = PBXBuildFile; fileRef = 223C68BB21AD206600EE4D7F /* LaunchScreen.storyboard */; };
		228FBB9421AFD0D0009B5F26 /* PHImageManager.swift in Sources */ = {isa = PBXBuildFile; fileRef = 228FBB9321AFD0D0009B5F26 /* PHImageManager.swift */; };
		228FBB9621AFD1C8009B5F26 /* PHImageRequestOptions.swift in Sources */ = {isa = PBXBuildFile; fileRef = 228FBB9521AFD1C8009B5F26 /* PHImageRequestOptions.swift */; };
		22B6EC6321B0E0700017C6CD /* GridView.swift in Sources */ = {isa = PBXBuildFile; fileRef = 22B6EC6221B0E0700017C6CD /* GridView.swift */; };
		22DB7F3121AD27E100267580 /* DSAlbumListVC.swift in Sources */ = {isa = PBXBuildFile; fileRef = 22DB7F3021AD27E100267580 /* DSAlbumListVC.swift */; };
		22DB7F3321AD280900267580 /* DSImageListVC.swift in Sources */ = {isa = PBXBuildFile; fileRef = 22DB7F3221AD280900267580 /* DSImageListVC.swift */; };
		22DB7F3521AD281D00267580 /* DSImagePicker.storyboard in Resources */ = {isa = PBXBuildFile; fileRef = 22DB7F3421AD281D00267580 /* DSImagePicker.storyboard */; };
		22F02F7021AF78320009EB41 /* UIImageViewImageSource.swift in Sources */ = {isa = PBXBuildFile; fileRef = 22F02F6F21AF78320009EB41 /* UIImageViewImageSource.swift */; };
		22F02F7221AF7A3F0009EB41 /* DSImageBrowserVC.swift in Sources */ = {isa = PBXBuildFile; fileRef = 22F02F7121AF7A3F0009EB41 /* DSImageBrowserVC.swift */; };
		22FE7AAE21AE9A3C002193E9 /* DSImagePickerManger.swift in Sources */ = {isa = PBXBuildFile; fileRef = 22FE7AAD21AE9A3C002193E9 /* DSImagePickerManger.swift */; };
/* End PBXBuildFile section */

/* Begin PBXFileReference section */
		223C68AF21AD206400EE4D7F /* DSImagePicker.app */ = {isa = PBXFileReference; explicitFileType = wrapper.application; includeInIndex = 0; path = DSImagePicker.app; sourceTree = BUILT_PRODUCTS_DIR; };
		223C68B221AD206400EE4D7F /* AppDelegate.swift */ = {isa = PBXFileReference; lastKnownFileType = sourcecode.swift; path = AppDelegate.swift; sourceTree = "<group>"; };
		223C68B421AD206400EE4D7F /* ViewController.swift */ = {isa = PBXFileReference; lastKnownFileType = sourcecode.swift; path = ViewController.swift; sourceTree = "<group>"; };
		223C68B721AD206400EE4D7F /* Base */ = {isa = PBXFileReference; lastKnownFileType = file.storyboard; name = Base; path = Base.lproj/Main.storyboard; sourceTree = "<group>"; };
		223C68B921AD206600EE4D7F /* Assets.xcassets */ = {isa = PBXFileReference; lastKnownFileType = folder.assetcatalog; path = Assets.xcassets; sourceTree = "<group>"; };
		223C68BC21AD206600EE4D7F /* Base */ = {isa = PBXFileReference; lastKnownFileType = file.storyboard; name = Base; path = Base.lproj/LaunchScreen.storyboard; sourceTree = "<group>"; };
		223C68BE21AD206600EE4D7F /* Info.plist */ = {isa = PBXFileReference; lastKnownFileType = text.plist.xml; path = Info.plist; sourceTree = "<group>"; };
		228FBB9321AFD0D0009B5F26 /* PHImageManager.swift */ = {isa = PBXFileReference; lastKnownFileType = sourcecode.swift; path = PHImageManager.swift; sourceTree = "<group>"; };
		228FBB9521AFD1C8009B5F26 /* PHImageRequestOptions.swift */ = {isa = PBXFileReference; lastKnownFileType = sourcecode.swift; path = PHImageRequestOptions.swift; sourceTree = "<group>"; };
		22B6EC6221B0E0700017C6CD /* GridView.swift */ = {isa = PBXFileReference; lastKnownFileType = sourcecode.swift; path = GridView.swift; sourceTree = "<group>"; };
		22DB7F3021AD27E100267580 /* DSAlbumListVC.swift */ = {isa = PBXFileReference; lastKnownFileType = sourcecode.swift; path = DSAlbumListVC.swift; sourceTree = "<group>"; };
		22DB7F3221AD280900267580 /* DSImageListVC.swift */ = {isa = PBXFileReference; lastKnownFileType = sourcecode.swift; path = DSImageListVC.swift; sourceTree = "<group>"; };
		22DB7F3421AD281D00267580 /* DSImagePicker.storyboard */ = {isa = PBXFileReference; lastKnownFileType = file.storyboard; path = DSImagePicker.storyboard; sourceTree = "<group>"; };
		22F02F6F21AF78320009EB41 /* UIImageViewImageSource.swift */ = {isa = PBXFileReference; lastKnownFileType = sourcecode.swift; path = UIImageViewImageSource.swift; sourceTree = "<group>"; };
		22F02F7121AF7A3F0009EB41 /* DSImageBrowserVC.swift */ = {isa = PBXFileReference; lastKnownFileType = sourcecode.swift; path = DSImageBrowserVC.swift; sourceTree = "<group>"; };
		22FE7AAD21AE9A3C002193E9 /* DSImagePickerManger.swift */ = {isa = PBXFileReference; lastKnownFileType = sourcecode.swift; path = DSImagePickerManger.swift; sourceTree = "<group>"; };
/* End PBXFileReference section */

/* Begin PBXFrameworksBuildPhase section */
		223C68AC21AD206400EE4D7F /* Frameworks */ = {
			isa = PBXFrameworksBuildPhase;
			buildActionMask = 2147483647;
			files = (
			);
			runOnlyForDeploymentPostprocessing = 0;
		};
/* End PBXFrameworksBuildPhase section */

/* Begin PBXGroup section */
		223C68A621AD206300EE4D7F = {
			isa = PBXGroup;
			children = (
				223C68B121AD206400EE4D7F /* DSImagePicker */,
				223C68B021AD206400EE4D7F /* Products */,
			);
			sourceTree = "<group>";
		};
		223C68B021AD206400EE4D7F /* Products */ = {
			isa = PBXGroup;
			children = (
				223C68AF21AD206400EE4D7F /* DSImagePicker.app */,
			);
			name = Products;
			sourceTree = "<group>";
		};
		223C68B121AD206400EE4D7F /* DSImagePicker */ = {
			isa = PBXGroup;
			children = (
				22B6EC6121B0E0500017C6CD /* GridView */,
				228FBB9221AFD0AF009B5F26 /* Extensions */,
				22F02F6E21AF775E0009EB41 /* ImageBrowser */,
				223C68C421AD20F100EE4D7F /* ImagePicker */,
				223C68B221AD206400EE4D7F /* AppDelegate.swift */,
				223C68B421AD206400EE4D7F /* ViewController.swift */,
				223C68B621AD206400EE4D7F /* Main.storyboard */,
				223C68B921AD206600EE4D7F /* Assets.xcassets */,
				223C68BB21AD206600EE4D7F /* LaunchScreen.storyboard */,
				223C68BE21AD206600EE4D7F /* Info.plist */,
			);
			path = DSImagePicker;
			sourceTree = "<group>";
		};
		223C68C421AD20F100EE4D7F /* ImagePicker */ = {
			isa = PBXGroup;
			children = (
				22DB7F3421AD281D00267580 /* DSImagePicker.storyboard */,
				22DB7F3021AD27E100267580 /* DSAlbumListVC.swift */,
				22DB7F3221AD280900267580 /* DSImageListVC.swift */,
				22FE7AAD21AE9A3C002193E9 /* DSImagePickerManger.swift */,
			);
			path = ImagePicker;
			sourceTree = "<group>";
		};
		228FBB9221AFD0AF009B5F26 /* Extensions */ = {
			isa = PBXGroup;
			children = (
				228FBB9321AFD0D0009B5F26 /* PHImageManager.swift */,
				228FBB9521AFD1C8009B5F26 /* PHImageRequestOptions.swift */,
			);
			path = Extensions;
			sourceTree = "<group>";
		};
		22B6EC6121B0E0500017C6CD /* GridView */ = {
			isa = PBXGroup;
			children = (
				22B6EC6221B0E0700017C6CD /* GridView.swift */,
			);
			path = GridView;
			sourceTree = "<group>";
		};
		22F02F6E21AF775E0009EB41 /* ImageBrowser */ = {
			isa = PBXGroup;
			children = (
				22F02F6F21AF78320009EB41 /* UIImageViewImageSource.swift */,
				22F02F7121AF7A3F0009EB41 /* DSImageBrowserVC.swift */,
			);
			path = ImageBrowser;
			sourceTree = "<group>";
		};
/* End PBXGroup section */

/* Begin PBXNativeTarget section */
		223C68AE21AD206400EE4D7F /* DSImagePicker */ = {
			isa = PBXNativeTarget;
			buildConfigurationList = 223C68C121AD206600EE4D7F /* Build configuration list for PBXNativeTarget "DSImagePicker" */;
			buildPhases = (
				223C68AB21AD206400EE4D7F /* Sources */,
				223C68AC21AD206400EE4D7F /* Frameworks */,
				223C68AD21AD206400EE4D7F /* Resources */,
			);
			buildRules = (
			);
			dependencies = (
			);
			name = DSImagePicker;
			productName = DSImagePicker;
			productReference = 223C68AF21AD206400EE4D7F /* DSImagePicker.app */;
			productType = "com.apple.product-type.application";
		};
/* End PBXNativeTarget section */

/* Begin PBXProject section */
		223C68A721AD206300EE4D7F /* Project object */ = {
			isa = PBXProject;
			attributes = {
				LastSwiftUpdateCheck = 1010;
				LastUpgradeCheck = 1010;
				ORGANIZATIONNAME = is0bnd;
				TargetAttributes = {
					223C68AE21AD206400EE4D7F = {
						CreatedOnToolsVersion = 10.1;
						LastSwiftMigration = 1030;
					};
				};
			};
			buildConfigurationList = 223C68AA21AD206300EE4D7F /* Build configuration list for PBXProject "DSImagePicker" */;
			compatibilityVersion = "Xcode 9.3";
			developmentRegion = en;
			hasScannedForEncodings = 0;
			knownRegions = (
				en,
				Base,
			);
			mainGroup = 223C68A621AD206300EE4D7F;
			productRefGroup = 223C68B021AD206400EE4D7F /* Products */;
			projectDirPath = "";
			projectRoot = "";
			targets = (
				223C68AE21AD206400EE4D7F /* DSImagePicker */,
			);
		};
/* End PBXProject section */

/* Begin PBXResourcesBuildPhase section */
		223C68AD21AD206400EE4D7F /* Resources */ = {
			isa = PBXResourcesBuildPhase;
			buildActionMask = 2147483647;
			files = (
				223C68BD21AD206600EE4D7F /* LaunchScreen.storyboard in Resources */,
				223C68BA21AD206600EE4D7F /* Assets.xcassets in Resources */,
				223C68B821AD206400EE4D7F /* Main.storyboard in Resources */,
				22DB7F3521AD281D00267580 /* DSImagePicker.storyboard in Resources */,
			);
			runOnlyForDeploymentPostprocessing = 0;
		};
/* End PBXResourcesBuildPhase section */

/* Begin PBXSourcesBuildPhase section */
		223C68AB21AD206400EE4D7F /* Sources */ = {
			isa = PBXSourcesBuildPhase;
			buildActionMask = 2147483647;
			files = (
				22DB7F3121AD27E100267580 /* DSAlbumListVC.swift in Sources */,
				22F02F7021AF78320009EB41 /* UIImageViewImageSource.swift in Sources */,
				22DB7F3321AD280900267580 /* DSImageListVC.swift in Sources */,
				223C68B521AD206400EE4D7F /* ViewController.swift in Sources */,
				228FBB9421AFD0D0009B5F26 /* PHImageManager.swift in Sources */,
				22F02F7221AF7A3F0009EB41 /* DSImageBrowserVC.swift in Sources */,
				223C68B321AD206400EE4D7F /* AppDelegate.swift in Sources */,
				228FBB9621AFD1C8009B5F26 /* PHImageRequestOptions.swift in Sources */,
				22B6EC6321B0E0700017C6CD /* GridView.swift in Sources */,
				22FE7AAE21AE9A3C002193E9 /* DSImagePickerManger.swift in Sources */,
			);
			runOnlyForDeploymentPostprocessing = 0;
		};
/* End PBXSourcesBuildPhase section */

/* Begin PBXVariantGroup section */
		223C68B621AD206400EE4D7F /* Main.storyboard */ = {
			isa = PBXVariantGroup;
			children = (
				223C68B721AD206400EE4D7F /* Base */,
			);
			name = Main.storyboard;
			sourceTree = "<group>";
		};
		223C68BB21AD206600EE4D7F /* LaunchScreen.storyboard */ = {
			isa = PBXVariantGroup;
			children = (
				223C68BC21AD206600EE4D7F /* Base */,
			);
			name = LaunchScreen.storyboard;
			sourceTree = "<group>";
		};
/* End PBXVariantGroup section */

/* Begin XCBuildConfiguration section */
		223C68BF21AD206600EE4D7F /* Debug */ = {
			isa = XCBuildConfiguration;
			buildSettings = {
				ALWAYS_SEARCH_USER_PATHS = NO;
				CLANG_ANALYZER_NONNULL = YES;
				CLANG_ANALYZER_NUMBER_OBJECT_CONVERSION = YES_AGGRESSIVE;
				CLANG_CXX_LANGUAGE_STANDARD = "gnu++14";
				CLANG_CXX_LIBRARY = "libc++";
				CLANG_ENABLE_MODULES = YES;
				CLANG_ENABLE_OBJC_ARC = YES;
				CLANG_ENABLE_OBJC_WEAK = YES;
				CLANG_WARN_BLOCK_CAPTURE_AUTORELEASING = YES;
				CLANG_WARN_BOOL_CONVERSION = YES;
				CLANG_WARN_COMMA = YES;
				CLANG_WARN_CONSTANT_CONVERSION = YES;
				CLANG_WARN_DEPRECATED_OBJC_IMPLEMENTATIONS = YES;
				CLANG_WARN_DIRECT_OBJC_ISA_USAGE = YES_ERROR;
				CLANG_WARN_DOCUMENTATION_COMMENTS = YES;
				CLANG_WARN_EMPTY_BODY = YES;
				CLANG_WARN_ENUM_CONVERSION = YES;
				CLANG_WARN_INFINITE_RECURSION = YES;
				CLANG_WARN_INT_CONVERSION = YES;
				CLANG_WARN_NON_LITERAL_NULL_CONVERSION = YES;
				CLANG_WARN_OBJC_IMPLICIT_RETAIN_SELF = YES;
				CLANG_WARN_OBJC_LITERAL_CONVERSION = YES;
				CLANG_WARN_OBJC_ROOT_CLASS = YES_ERROR;
				CLANG_WARN_RANGE_LOOP_ANALYSIS = YES;
				CLANG_WARN_STRICT_PROTOTYPES = YES;
				CLANG_WARN_SUSPICIOUS_MOVE = YES;
				CLANG_WARN_UNGUARDED_AVAILABILITY = YES_AGGRESSIVE;
				CLANG_WARN_UNREACHABLE_CODE = YES;
				CLANG_WARN__DUPLICATE_METHOD_MATCH = YES;
				CODE_SIGN_IDENTITY = "iPhone Developer";
				COPY_PHASE_STRIP = NO;
				DEBUG_INFORMATION_FORMAT = dwarf;
				ENABLE_STRICT_OBJC_MSGSEND = YES;
				ENABLE_TESTABILITY = YES;
				GCC_C_LANGUAGE_STANDARD = gnu11;
				GCC_DYNAMIC_NO_PIC = NO;
				GCC_NO_COMMON_BLOCKS = YES;
				GCC_OPTIMIZATION_LEVEL = 0;
				GCC_PREPROCESSOR_DEFINITIONS = (
					"DEBUG=1",
					"$(inherited)",
				);
				GCC_WARN_64_TO_32_BIT_CONVERSION = YES;
				GCC_WARN_ABOUT_RETURN_TYPE = YES_ERROR;
				GCC_WARN_UNDECLARED_SELECTOR = YES;
				GCC_WARN_UNINITIALIZED_AUTOS = YES_AGGRESSIVE;
				GCC_WARN_UNUSED_FUNCTION = YES;
				GCC_WARN_UNUSED_VARIABLE = YES;
				IPHONEOS_DEPLOYMENT_TARGET = 12.1;
				MTL_ENABLE_DEBUG_INFO = INCLUDE_SOURCE;
				MTL_FAST_MATH = YES;
				ONLY_ACTIVE_ARCH = YES;
				SDKROOT = iphoneos;
				SWIFT_ACTIVE_COMPILATION_CONDITIONS = DEBUG;
				SWIFT_OPTIMIZATION_LEVEL = "-Onone";
			};
			name = Debug;
		};
		223C68C021AD206600EE4D7F /* Release */ = {
			isa = XCBuildConfiguration;
			buildSettings = {
				ALWAYS_SEARCH_USER_PATHS = NO;
				CLANG_ANALYZER_NONNULL = YES;
				CLANG_ANALYZER_NUMBER_OBJECT_CONVERSION = YES_AGGRESSIVE;
				CLANG_CXX_LANGUAGE_STANDARD = "gnu++14";
				CLANG_CXX_LIBRARY = "libc++";
				CLANG_ENABLE_MODULES = YES;
				CLANG_ENABLE_OBJC_ARC = YES;
				CLANG_ENABLE_OBJC_WEAK = YES;
				CLANG_WARN_BLOCK_CAPTURE_AUTORELEASING = YES;
				CLANG_WARN_BOOL_CONVERSION = YES;
				CLANG_WARN_COMMA = YES;
				CLANG_WARN_CONSTANT_CONVERSION = YES;
				CLANG_WARN_DEPRECATED_OBJC_IMPLEMENTATIONS = YES;
				CLANG_WARN_DIRECT_OBJC_ISA_USAGE = YES_ERROR;
				CLANG_WARN_DOCUMENTATION_COMMENTS = YES;
				CLANG_WARN_EMPTY_BODY = YES;
				CLANG_WARN_ENUM_CONVERSION = YES;
				CLANG_WARN_INFINITE_RECURSION = YES;
				CLANG_WARN_INT_CONVERSION = YES;
				CLANG_WARN_NON_LITERAL_NULL_CONVERSION = YES;
				CLANG_WARN_OBJC_IMPLICIT_RETAIN_SELF = YES;
				CLANG_WARN_OBJC_LITERAL_CONVERSION = YES;
				CLANG_WARN_OBJC_ROOT_CLASS = YES_ERROR;
				CLANG_WARN_RANGE_LOOP_ANALYSIS = YES;
				CLANG_WARN_STRICT_PROTOTYPES = YES;
				CLANG_WARN_SUSPICIOUS_MOVE = YES;
				CLANG_WARN_UNGUARDED_AVAILABILITY = YES_AGGRESSIVE;
				CLANG_WARN_UNREACHABLE_CODE = YES;
				CLANG_WARN__DUPLICATE_METHOD_MATCH = YES;
				CODE_SIGN_IDENTITY = "iPhone Developer";
				COPY_PHASE_STRIP = NO;
				DEBUG_INFORMATION_FORMAT = "dwarf-with-dsym";
				ENABLE_NS_ASSERTIONS = NO;
				ENABLE_STRICT_OBJC_MSGSEND = YES;
				GCC_C_LANGUAGE_STANDARD = gnu11;
				GCC_NO_COMMON_BLOCKS = YES;
				GCC_WARN_64_TO_32_BIT_CONVERSION = YES;
				GCC_WARN_ABOUT_RETURN_TYPE = YES_ERROR;
				GCC_WARN_UNDECLARED_SELECTOR = YES;
				GCC_WARN_UNINITIALIZED_AUTOS = YES_AGGRESSIVE;
				GCC_WARN_UNUSED_FUNCTION = YES;
				GCC_WARN_UNUSED_VARIABLE = YES;
				IPHONEOS_DEPLOYMENT_TARGET = 12.1;
				MTL_ENABLE_DEBUG_INFO = NO;
				MTL_FAST_MATH = YES;
				SDKROOT = iphoneos;
				SWIFT_COMPILATION_MODE = wholemodule;
				SWIFT_OPTIMIZATION_LEVEL = "-O";
				VALIDATE_PRODUCT = YES;
			};
			name = Release;
		};
		223C68C221AD206600EE4D7F /* Debug */ = {
			isa = XCBuildConfiguration;
			buildSettings = {
				ASSETCATALOG_COMPILER_APPICON_NAME = AppIcon;
				CODE_SIGN_STYLE = Automatic;
				DEVELOPMENT_TEAM = F77GR7NFMU;
				INFOPLIST_FILE = DSImagePicker/Info.plist;
				LD_RUNPATH_SEARCH_PATHS = (
					"$(inherited)",
					"@executable_path/Frameworks",
				);
				PRODUCT_BUNDLE_IDENTIFIER = com.is0bnd.DSImagePicker;
				PRODUCT_NAME = "$(TARGET_NAME)";
				SWIFT_VERSION = 5.0;
				TARGETED_DEVICE_FAMILY = "1,2";
			};
			name = Debug;
		};
		223C68C321AD206600EE4D7F /* Release */ = {
			isa = XCBuildConfiguration;
			buildSettings = {
				ASSETCATALOG_COMPILER_APPICON_NAME = AppIcon;
				CODE_SIGN_STYLE = Automatic;
				DEVELOPMENT_TEAM = F77GR7NFMU;
				INFOPLIST_FILE = DSImagePicker/Info.plist;
				LD_RUNPATH_SEARCH_PATHS = (
					"$(inherited)",
					"@executable_path/Frameworks",
				);
				PRODUCT_BUNDLE_IDENTIFIER = com.is0bnd.DSImagePicker;
				PRODUCT_NAME = "$(TARGET_NAME)";
				SWIFT_VERSION = 5.0;
				TARGETED_DEVICE_FAMILY = "1,2";
			};
			name = Release;
		};
/* End XCBuildConfiguration section */

/* Begin XCConfigurationList section */
		223C68AA21AD206300EE4D7F /* Build configuration list for PBXProject "DSImagePicker" */ = {
			isa = XCConfigurationList;
			buildConfigurations = (
				223C68BF21AD206600EE4D7F /* Debug */,
				223C68C021AD206600EE4D7F /* Release */,
			);
			defaultConfigurationIsVisible = 0;
			defaultConfigurationName = Release;
		};
		223C68C121AD206600EE4D7F /* Build configuration list for PBXNativeTarget "DSImagePicker" */ = {
			isa = XCConfigurationList;
			buildConfigurations = (
				223C68C221AD206600EE4D7F /* Debug */,
				223C68C321AD206600EE4D7F /* Release */,
			);
			defaultConfigurationIsVisible = 0;
			defaultConfigurationName = Release;
		};
/* End XCConfigurationList section */
	};
	rootObject = 223C68A721AD206300EE4D7F /* Project object */;
}
